
Microsoft Visual Studio Solution File, Format Version 12.00
# Visual Studio 15
VisualStudioVersion = 15.0.27703.2018
MinimumVisualStudioVersion = 10.0.40219.1
Project("{8BC9CEB8-8B4A-11D0-8D11-00A0C91BC942}") = "CppThings", "CppThings\CppThings.vcxproj", "{7E16C5AA-1670-4FFF-832D-88076A55B527}"
EndProject
Global
	GlobalSection(SolutionConfigurationPlatforms) = preSolution
		Debug|x64 = Debug|x64
		Debug|x86 = Debug|x86
		Release|x64 = Release|x64
		Release|x86 = Release|x86
	EndGlobalSection
	GlobalSection(ProjectConfigurationPlatforms) = postSolution
		{7E16C5AA-1670-4FFF-832D-88076A55B527}.Debug|x64.ActiveCfg = Debug|x64
		{7E16C5AA-1670-4FFF-832D-88076A55B527}.Debug|x64.Build.0 = Debug|x64
		{7E16C5AA-1670-4FFF-832D-88076A55B527}.Debug|x86.ActiveCfg = Debug|Win32
		{7E16C5AA-1670-4FFF-832D-88076A55B527}.Debug|x86.Build.0 = Debug|Win32
		{7E16C5AA-1670-4FFF-832D-88076A55B527}.Release|x64.ActiveCfg = Release|x64
		{7E16C5AA-1670-4FFF-832D-88076A55B527}.Release|x64.Build.0 = Release|x64
		{7E16C5AA-1670-4FFF-832D-88076A55B527}.Release|x86.ActiveCfg = Release|Win32
		{7E16C5AA-1670-4FFF-832D-88076A55B527}.Release|x86.Build.0 = Release|Win32
	EndGlobalSection
	GlobalSection(SolutionProperties) = preSolution
		HideSolutionNode = FALSE
	EndGlobalSection
	GlobalSection(ExtensibilityGlobals) = postSolution
		SolutionGuid = {F62C3DCE-35FA-45B2-8B00-6608B15EBFFD}
	EndGlobalSection
EndGlobal
